
Microsoft Visual Studio Solution File, Format Version 12.00
# Visual Studio Version 17
VisualStudioVersion = 17.5.002.0
MinimumVisualStudioVersion = 10.0.40219.1
Project("{9A19103F-16F7-4668-BE54-9A1E7A4F7556}") = "MatcomProgramming _ 1", "MatcomProgramming _ 1.csproj", "{773FDA8A-9240-4074-A94E-F71A723C9C8C}"
EndProject
Global
	GlobalSection(SolutionConfigurationPlatforms) = preSolution
		Debug|Any CPU = Debug|Any CPU
		Release|Any CPU = Release|Any CPU
	EndGlobalSection
	GlobalSection(ProjectConfigurationPlatforms) = postSolution
		{773FDA8A-9240-4074-A94E-F71A723C9C8C}.Debug|Any CPU.ActiveCfg = Debug|Any CPU
		{773FDA8A-9240-4074-A94E-F71A723C9C8C}.Debug|Any CPU.Build.0 = Debug|Any CPU
		{773FDA8A-9240-4074-A94E-F71A723C9C8C}.Release|Any CPU.ActiveCfg = Release|Any CPU
		{773FDA8A-9240-4074-A94E-F71A723C9C8C}.Release|Any CPU.Build.0 = Release|Any CPU
	EndGlobalSection
	GlobalSection(SolutionProperties) = preSolution
		HideSolutionNode = FALSE
	EndGlobalSection
	GlobalSection(ExtensibilityGlobals) = postSolution
		SolutionGuid = {D5595C47-0F4B-4E6B-A69D-2A69F758DD9F}
	EndGlobalSection
EndGlobal
